{
	"name": "@kaus/http",
	"version": "0.0.0",
	"lockfileVersion": 1,
	"requires": true,
	"dependencies": {
		"@types/bluebird": {
			"version": "3.5.33",
			"resolved": "https://registry.npmjs.org/@types/bluebird/-/bluebird-3.5.33.tgz",
			"integrity": "sha512-ndEo1xvnYeHxm7I/5sF6tBvnsA4Tdi3zj1keRKRs12SP+2ye2A27NDJ1B6PqkfMbGAcT+mqQVqbZRIrhfOp5PQ==",
			"dev": true
		},
		"@types/http-terminator": {
			"version": "2.0.1",
			"resolved": "https://registry.npmjs.org/@types/http-terminator/-/http-terminator-2.0.1.tgz",
			"integrity": "sha512-lJNXa+BH+HCoutDKbPOoW51LcBmzh9WcFcbOQYqHsSp9C1jPuFxH6QD68HLtrueZs+GEdkmQorMP4f15/WBQOw==",
			"dev": true,
			"requires": {
				"@types/node": "*"
			}
		},
		"@types/node": {
			"version": "14.14.14",
			"resolved": "https://registry.npmjs.org/@types/node/-/node-14.14.14.tgz",
			"integrity": "sha512-UHnOPWVWV1z+VV8k6L1HhG7UbGBgIdghqF3l9Ny9ApPghbjICXkUJSd/b9gOgQfjM1r+37cipdw/HJ3F6ICEnQ==",
			"dev": true
		},
		"@types/validator": {
			"version": "13.0.0",
			"resolved": "https://registry.npmjs.org/@types/validator/-/validator-13.0.0.tgz",
			"integrity": "sha512-WAy5txG7aFX8Vw3sloEKp5p/t/Xt8jD3GRD9DacnFv6Vo8ubudAsRTXgxpQwU0mpzY/H8U4db3roDuCMjShBmw=="
		},
		"ansi-styles": {
			"version": "4.3.0",
			"resolved": "https://registry.npmjs.org/ansi-styles/-/ansi-styles-4.3.0.tgz",
			"integrity": "sha512-zbB9rCJAT1rbjiVDb2hqKFHNYLxgtk8NURxZ3IZwD3F6NtxbXZQCnnSi1Lkx+IDohdPlFp222wVALIheZJQSEg==",
			"requires": {
				"color-convert": "^2.0.1"
			}
		},
		"bluebird": {
			"version": "3.7.2",
			"resolved": "https://registry.npmjs.org/bluebird/-/bluebird-3.7.2.tgz",
			"integrity": "sha512-XpNj6GDQzdfW+r2Wnn7xiSAd7TM3jzkxGXBGTtWKuSXv1xUV+azxAm8jdWZN06QTQk+2N2XB9jRDkvbmQmcRtg=="
		},
		"boolean": {
			"version": "3.0.2",
			"resolved": "https://registry.npmjs.org/boolean/-/boolean-3.0.2.tgz",
			"integrity": "sha512-RwywHlpCRc3/Wh81MiCKun4ydaIFyW5Ea6JbL6sRCVx5q5irDw7pMXBUFYF/jArQ6YrG36q0kpovc9P/Kd3I4g=="
		},
		"chalk": {
			"version": "4.1.0",
			"resolved": "https://registry.npmjs.org/chalk/-/chalk-4.1.0.tgz",
			"integrity": "sha512-qwx12AxXe2Q5xQ43Ac//I6v5aXTipYrSESdOgzrN+9XjgEpyjpKuvSGaN4qE93f7TQTlerQQ8S+EQ0EyDoVL1A==",
			"requires": {
				"ansi-styles": "^4.1.0",
				"supports-color": "^7.1.0"
			}
		},
		"class-validator": {
			"version": "0.12.2",
			"resolved": "https://registry.npmjs.org/class-validator/-/class-validator-0.12.2.tgz",
			"integrity": "sha512-TDzPzp8BmpsbPhQpccB3jMUE/3pK0TyqamrK0kcx+ZeFytMA+O6q87JZZGObHHnoo9GM8vl/JppIyKWeEA/EVw==",
			"requires": {
				"@types/validator": "13.0.0",
				"google-libphonenumber": "^3.2.8",
				"tslib": ">=1.9.0",
				"validator": "13.0.0"
			}
		},
		"color-convert": {
			"version": "2.0.1",
			"resolved": "https://registry.npmjs.org/color-convert/-/color-convert-2.0.1.tgz",
			"integrity": "sha512-RRECPsj7iu/xb5oKYcsFHSppFNnsj/52OVTRKb4zP5onXwVF3zVmmToNcOfGC+CRDpfK/U584fMg38ZHCaElKQ==",
			"requires": {
				"color-name": "~1.1.4"
			}
		},
		"color-name": {
			"version": "1.1.4",
			"resolved": "https://registry.npmjs.org/color-name/-/color-name-1.1.4.tgz",
			"integrity": "sha512-dOy+3AuW3a2wNbZHIuMZpTcgjGuLU/uBL/ubcZF9OXbDo8ff4O8yVp5Bf0efS8uEoYo5q4Fx7dY9OgQGXgAsQA=="
		},
		"define-properties": {
			"version": "1.1.3",
			"resolved": "https://registry.npmjs.org/define-properties/-/define-properties-1.1.3.tgz",
			"integrity": "sha512-3MqfYKj2lLzdMSf8ZIZE/V+Zuy+BgD6f164e8K2w7dgnpKArBDerGYpM46IYYcjnkdPNMjPk9A6VFB8+3SKlXQ==",
			"requires": {
				"object-keys": "^1.0.12"
			}
		},
		"delay": {
			"version": "4.4.0",
			"resolved": "https://registry.npmjs.org/delay/-/delay-4.4.0.tgz",
			"integrity": "sha512-txgOrJu3OdtOfTiEOT2e76dJVfG/1dz2NZ4F0Pyt4UGZJryssMRp5vdM5wQoLwSOBNdrJv3F9PAhp/heqd7vrA=="
		},
		"depd": {
			"version": "1.1.2",
			"resolved": "https://registry.npmjs.org/depd/-/depd-1.1.2.tgz",
			"integrity": "sha1-m81S4UwJd2PnSbJ0xDRu0uVgtak="
		},
		"detect-node": {
			"version": "2.0.4",
			"resolved": "https://registry.npmjs.org/detect-node/-/detect-node-2.0.4.tgz",
			"integrity": "sha512-ZIzRpLJrOj7jjP2miAtgqIfmzbxa4ZOr5jJc601zklsfEx9oTzmmj2nVpIPRpNlRTIh8lc1kyViIY7BWSGNmKw=="
		},
		"globalthis": {
			"version": "1.0.1",
			"resolved": "https://registry.npmjs.org/globalthis/-/globalthis-1.0.1.tgz",
			"integrity": "sha512-mJPRTc/P39NH/iNG4mXa9aIhNymaQikTrnspeCa2ZuJ+mH2QN/rXwtX3XwKrHqWgUQFbNZKtHM105aHzJalElw==",
			"requires": {
				"define-properties": "^1.1.3"
			}
		},
		"google-libphonenumber": {
			"version": "3.2.15",
			"resolved": "https://registry.npmjs.org/google-libphonenumber/-/google-libphonenumber-3.2.15.tgz",
			"integrity": "sha512-tbCIuzMoH34RdrbFRw5kijAZn/p6JMQvsgtr1glg2ugbwqrMPlOL8pHNK8cyGo9B6SXpcMm4hdyDqwomR+HPRg=="
		},
		"has-flag": {
			"version": "4.0.0",
			"resolved": "https://registry.npmjs.org/has-flag/-/has-flag-4.0.0.tgz",
			"integrity": "sha512-EykJT/Q1KjTWctppgIAgfSO0tKVuZUjhgMr17kqTumMl6Afv3EISleU7qZUzoXDFTAHTDC4NOoG/ZxU3EvlMPQ=="
		},
		"http-errors": {
			"version": "1.8.0",
			"resolved": "https://registry.npmjs.org/http-errors/-/http-errors-1.8.0.tgz",
			"integrity": "sha512-4I8r0C5JDhT5VkvI47QktDW75rNlGVsUf/8hzjCC/wkWI/jdTRmBb9aI7erSG82r1bjKY3F6k28WnsVxB1C73A==",
			"requires": {
				"depd": "~1.1.2",
				"inherits": "2.0.4",
				"setprototypeof": "1.2.0",
				"statuses": ">= 1.5.0 < 2",
				"toidentifier": "1.0.0"
			}
		},
		"http-terminator": {
			"version": "2.0.3",
			"resolved": "https://registry.npmjs.org/http-terminator/-/http-terminator-2.0.3.tgz",
			"integrity": "sha512-2Ete9PUgzNX5hMsx69wRhhzpHc2Mh8kOMz6oJllAxSmJPSDOgnvHE4a6hWlvkwtVJt07ehB1SOt4FfYvM9lrwQ==",
			"requires": {
				"delay": "^4.3.0",
				"roarr": "^2.14.6"
			}
		},
		"inherits": {
			"version": "2.0.4",
			"resolved": "https://registry.npmjs.org/inherits/-/inherits-2.0.4.tgz",
			"integrity": "sha512-k/vGaX4/Yla3WzyMCvTQOXYeIHvqOKtnqBduzTHpzpQZzAskKMhZ2K+EnBiSM9zGSoIFeMpXKxa4dYeZIQqewQ=="
		},
		"json-stringify-safe": {
			"version": "5.0.1",
			"resolved": "https://registry.npmjs.org/json-stringify-safe/-/json-stringify-safe-5.0.1.tgz",
			"integrity": "sha1-Epai1Y/UXxmg9s4B1lcB4sc1tus="
		},
		"object-keys": {
			"version": "1.1.1",
			"resolved": "https://registry.npmjs.org/object-keys/-/object-keys-1.1.1.tgz",
			"integrity": "sha512-NuAESUOUMrlIXOfHKzD6bpPu3tYt3xvjNdRIQ+FeT0lNb4K8WR70CaDxhuNguS2XG+GjkyMwOzsN5ZktImfhLA=="
		},
		"reflect-metadata": {
			"version": "0.1.13",
			"resolved": "https://registry.npmjs.org/reflect-metadata/-/reflect-metadata-0.1.13.tgz",
			"integrity": "sha512-Ts1Y/anZELhSsjMcU605fU9RE4Oi3p5ORujwbIKXfWa+0Zxs510Qrmrce5/Jowq3cHSZSJqBjypxmHarc+vEWg=="
		},
		"roarr": {
			"version": "2.15.4",
			"resolved": "https://registry.npmjs.org/roarr/-/roarr-2.15.4.tgz",
			"integrity": "sha512-CHhPh+UNHD2GTXNYhPWLnU8ONHdI+5DI+4EYIAOaiD63rHeYlZvyh8P+in5999TTSFgUYuKUAjzRI4mdh/p+2A==",
			"requires": {
				"boolean": "^3.0.1",
				"detect-node": "^2.0.4",
				"globalthis": "^1.0.1",
				"json-stringify-safe": "^5.0.1",
				"semver-compare": "^1.0.0",
				"sprintf-js": "^1.1.2"
			}
		},
		"semver-compare": {
			"version": "1.0.0",
			"resolved": "https://registry.npmjs.org/semver-compare/-/semver-compare-1.0.0.tgz",
			"integrity": "sha1-De4hahyUGrN+nvsXiPavxf9VN/w="
		},
		"setprototypeof": {
			"version": "1.2.0",
			"resolved": "https://registry.npmjs.org/setprototypeof/-/setprototypeof-1.2.0.tgz",
			"integrity": "sha512-E5LDX7Wrp85Kil5bhZv46j8jOeboKq5JMmYM3gVGdGH8xFpPWXUMsNrlODCrkoxMEeNi/XZIwuRvY4XNwYMJpw=="
		},
		"sprintf-js": {
			"version": "1.1.2",
			"resolved": "https://registry.npmjs.org/sprintf-js/-/sprintf-js-1.1.2.tgz",
			"integrity": "sha512-VE0SOVEHCk7Qc8ulkWw3ntAzXuqf7S2lvwQaDLRnUeIEaKNQJzV6BwmLKhOqT61aGhfUMrXeaBk+oDGCzvhcug=="
		},
		"statuses": {
			"version": "1.5.0",
			"resolved": "https://registry.npmjs.org/statuses/-/statuses-1.5.0.tgz",
			"integrity": "sha1-Fhx9rBd2Wf2YEfQ3cfqZOBR4Yow="
		},
		"supports-color": {
			"version": "7.2.0",
			"resolved": "https://registry.npmjs.org/supports-color/-/supports-color-7.2.0.tgz",
			"integrity": "sha512-qpCAvRl9stuOHveKsn7HncJRvv501qIacKzQlO/+Lwxc9+0q2wLyv4Dfvt80/DPn2pqOBsJdDiogXGR9+OvwRw==",
			"requires": {
				"has-flag": "^4.0.0"
			}
		},
		"toidentifier": {
			"version": "1.0.0",
			"resolved": "https://registry.npmjs.org/toidentifier/-/toidentifier-1.0.0.tgz",
			"integrity": "sha512-yaOH/Pk/VEhBWWTlhI+qXxDFXlejDGcQipMlyxda9nthulaxLZUNcUqFxokp0vcYnvteJln5FNQDRrxj3YcbVw=="
		},
		"tslib": {
			"version": "2.0.3",
			"resolved": "https://registry.npmjs.org/tslib/-/tslib-2.0.3.tgz",
			"integrity": "sha512-uZtkfKblCEQtZKBF6EBXVZeQNl82yqtDQdv+eck8u7tdPxjLu2/lp5/uPW+um2tpuxINHWy3GhiccY7QgEaVHQ=="
		},
		"validator": {
			"version": "13.0.0",
			"resolved": "https://registry.npmjs.org/validator/-/validator-13.0.0.tgz",
			"integrity": "sha512-anYx5fURbgF04lQV18nEQWZ/3wHGnxiKdG4aL8J+jEDsm98n/sU/bey+tYk6tnGJzm7ioh5FoqrAiQ6m03IgaA=="
		}
	}
}
